
Microsoft Visual Studio Solution File, Format Version 11.00
# Visual Studio 2010
# SharpDevelop 4.2.2.8818
Project("{FAE04EC0-301F-11D3-BF4B-00C04F79EFBC}") = "CodeVS2", "CodeVS2.csproj", "{8FE7FBC2-6BA7-4E6A-A78D-5B5E6305E845}"
EndProject
Global
	GlobalSection(SolutionConfigurationPlatforms) = preSolution
		Debug|x86 = Debug|x86
		Release|x86 = Release|x86
		Debug|x86 = Debug|x86
		Release|x86 = Release|x86
	EndGlobalSection
	GlobalSection(ProjectConfigurationPlatforms) = postSolution
		{8FE7FBC2-6BA7-4E6A-A78D-5B5E6305E845}.Debug|x86.Build.0 = Debug|x86
		{8FE7FBC2-6BA7-4E6A-A78D-5B5E6305E845}.Debug|x86.ActiveCfg = Debug|x86
		{8FE7FBC2-6BA7-4E6A-A78D-5B5E6305E845}.Release|x86.Build.0 = Release|x86
		{8FE7FBC2-6BA7-4E6A-A78D-5B5E6305E845}.Release|x86.ActiveCfg = Release|x86
	EndGlobalSection
EndGlobal
